
Microsoft Visual Studio Solution File, Format Version 12.00
# Visual Studio Version 16
VisualStudioVersion = 16.0.30011.22
MinimumVisualStudioVersion = 10.0.40219.1
Project("{FAE04EC0-301F-11D3-BF4B-00C04F79EFBC}") = "ExercicioProposto_9", "ExercicioProposto_9\ExercicioProposto_9.csproj", "{AE25656D-FFF8-4670-9D43-2CDCDA682F57}"
EndProject
Global
	GlobalSection(SolutionConfigurationPlatforms) = preSolution
		Debug|Any CPU = Debug|Any CPU
		Release|Any CPU = Release|Any CPU
	EndGlobalSection
	GlobalSection(ProjectConfigurationPlatforms) = postSolution
		{AE25656D-FFF8-4670-9D43-2CDCDA682F57}.Debug|Any CPU.ActiveCfg = Debug|Any CPU
		{AE25656D-FFF8-4670-9D43-2CDCDA682F57}.Debug|Any CPU.Build.0 = Debug|Any CPU
		{AE25656D-FFF8-4670-9D43-2CDCDA682F57}.Release|Any CPU.ActiveCfg = Release|Any CPU
		{AE25656D-FFF8-4670-9D43-2CDCDA682F57}.Release|Any CPU.Build.0 = Release|Any CPU
	EndGlobalSection
	GlobalSection(SolutionProperties) = preSolution
		HideSolutionNode = FALSE
	EndGlobalSection
	GlobalSection(ExtensibilityGlobals) = postSolution
		SolutionGuid = {41687125-FDCF-4623-9C01-BBDC8238217F}
	EndGlobalSection
EndGlobal
